// !$*UTF8*$!
{
	archiveVersion = 1;
	classes = {
	};
	objectVersion = 56;
	objects = {

/* Begin PBXBuildFile section */
		B5169ABA28DD859100820F85 /* AppDelegate.swift in Sources */ = {isa = PBXBuildFile; fileRef = B5169AB928DD859100820F85 /* AppDelegate.swift */; };
		B5169ABC28DD859100820F85 /* SceneDelegate.swift in Sources */ = {isa = PBXBuildFile; fileRef = B5169ABB28DD859100820F85 /* SceneDelegate.swift */; };
		B5169ABE28DD859100820F85 /* ViewController.swift in Sources */ = {isa = PBXBuildFile; fileRef = B5169ABD28DD859100820F85 /* ViewController.swift */; };
		B5169AC128DD859100820F85 /* Main.storyboard in Resources */ = {isa = PBXBuildFile; fileRef = B5169ABF28DD859100820F85 /* Main.storyboard */; };
		B5169AC328DD859300820F85 /* Assets.xcassets in Resources */ = {isa = PBXBuildFile; fileRef = B5169AC228DD859300820F85 /* Assets.xcassets */; };
		B5169AC628DD859300820F85 /* LaunchScreen.storyboard in Resources */ = {isa = PBXBuildFile; fileRef = B5169AC428DD859300820F85 /* LaunchScreen.storyboard */; };
		B5169ACE28DD929E00820F85 /* CustomTVC.swift in Sources */ = {isa = PBXBuildFile; fileRef = B5169ACD28DD929E00820F85 /* CustomTVC.swift */; };
		B5169AD028DD92E400820F85 /* ActionButtonVC.swift in Sources */ = {isa = PBXBuildFile; fileRef = B5169ACF28DD92E400820F85 /* ActionButtonVC.swift */; };
		B5169AD228DD930400820F85 /* TopUpVC.swift in Sources */ = {isa = PBXBuildFile; fileRef = B5169AD128DD930400820F85 /* TopUpVC.swift */; };
		B5169AD428DD932400820F85 /* TestModel.swift in Sources */ = {isa = PBXBuildFile; fileRef = B5169AD328DD932400820F85 /* TestModel.swift */; };
		B5169AD628DD933E00820F85 /* ModelRealm.swift in Sources */ = {isa = PBXBuildFile; fileRef = B5169AD528DD933E00820F85 /* ModelRealm.swift */; };
		B5169AD828DD935E00820F85 /* TransactionsVC.swift in Sources */ = {isa = PBXBuildFile; fileRef = B5169AD728DD935E00820F85 /* TransactionsVC.swift */; };
		B5169ADA28DD938000820F85 /* TransactionTVC.swift in Sources */ = {isa = PBXBuildFile; fileRef = B5169AD928DD938000820F85 /* TransactionTVC.swift */; };
		F81DD0804E07C65A7493AA76 /* Pods_BankAppRealmDB.framework in Frameworks */ = {isa = PBXBuildFile; fileRef = 1D4E613A9E8DC40470870A49 /* Pods_BankAppRealmDB.framework */; };
/* End PBXBuildFile section */

/* Begin PBXFileReference section */
		1D4E613A9E8DC40470870A49 /* Pods_BankAppRealmDB.framework */ = {isa = PBXFileReference; explicitFileType = wrapper.framework; includeInIndex = 0; path = Pods_BankAppRealmDB.framework; sourceTree = BUILT_PRODUCTS_DIR; };
		A0AF2FC7050F90DB9B4A6FC6 /* Pods-BankAppRealmDB.debug.xcconfig */ = {isa = PBXFileReference; includeInIndex = 1; lastKnownFileType = text.xcconfig; name = "Pods-BankAppRealmDB.debug.xcconfig"; path = "Target Support Files/Pods-BankAppRealmDB/Pods-BankAppRealmDB.debug.xcconfig"; sourceTree = "<group>"; };
		B5169AB628DD859100820F85 /* BankAppRealmDB.app */ = {isa = PBXFileReference; explicitFileType = wrapper.application; includeInIndex = 0; path = BankAppRealmDB.app; sourceTree = BUILT_PRODUCTS_DIR; };
		B5169AB928DD859100820F85 /* AppDelegate.swift */ = {isa = PBXFileReference; lastKnownFileType = sourcecode.swift; path = AppDelegate.swift; sourceTree = "<group>"; };
		B5169ABB28DD859100820F85 /* SceneDelegate.swift */ = {isa = PBXFileReference; lastKnownFileType = sourcecode.swift; path = SceneDelegate.swift; sourceTree = "<group>"; };
		B5169ABD28DD859100820F85 /* ViewController.swift */ = {isa = PBXFileReference; lastKnownFileType = sourcecode.swift; path = ViewController.swift; sourceTree = "<group>"; };
		B5169AC028DD859100820F85 /* Base */ = {isa = PBXFileReference; lastKnownFileType = file.storyboard; name = Base; path = Base.lproj/Main.storyboard; sourceTree = "<group>"; };
		B5169AC228DD859300820F85 /* Assets.xcassets */ = {isa = PBXFileReference; lastKnownFileType = folder.assetcatalog; path = Assets.xcassets; sourceTree = "<group>"; };
		B5169AC528DD859300820F85 /* Base */ = {isa = PBXFileReference; lastKnownFileType = file.storyboard; name = Base; path = Base.lproj/LaunchScreen.storyboard; sourceTree = "<group>"; };
		B5169AC728DD859300820F85 /* Info.plist */ = {isa = PBXFileReference; lastKnownFileType = text.plist.xml; path = Info.plist; sourceTree = "<group>"; };
		B5169ACD28DD929E00820F85 /* CustomTVC.swift */ = {isa = PBXFileReference; lastKnownFileType = sourcecode.swift; path = CustomTVC.swift; sourceTree = "<group>"; };
		B5169ACF28DD92E400820F85 /* ActionButtonVC.swift */ = {isa = PBXFileReference; lastKnownFileType = sourcecode.swift; path = ActionButtonVC.swift; sourceTree = "<group>"; };
		B5169AD128DD930400820F85 /* TopUpVC.swift */ = {isa = PBXFileReference; lastKnownFileType = sourcecode.swift; path = TopUpVC.swift; sourceTree = "<group>"; };
		B5169AD328DD932400820F85 /* TestModel.swift */ = {isa = PBXFileReference; lastKnownFileType = sourcecode.swift; path = TestModel.swift; sourceTree = "<group>"; };
		B5169AD528DD933E00820F85 /* ModelRealm.swift */ = {isa = PBXFileReference; lastKnownFileType = sourcecode.swift; path = ModelRealm.swift; sourceTree = "<group>"; };
		B5169AD728DD935E00820F85 /* TransactionsVC.swift */ = {isa = PBXFileReference; lastKnownFileType = sourcecode.swift; path = TransactionsVC.swift; sourceTree = "<group>"; };
		B5169AD928DD938000820F85 /* TransactionTVC.swift */ = {isa = PBXFileReference; lastKnownFileType = sourcecode.swift; path = TransactionTVC.swift; sourceTree = "<group>"; };
		C91C4CCEB771A64593BA863E /* Pods-BankAppRealmDB.release.xcconfig */ = {isa = PBXFileReference; includeInIndex = 1; lastKnownFileType = text.xcconfig; name = "Pods-BankAppRealmDB.release.xcconfig"; path = "Target Support Files/Pods-BankAppRealmDB/Pods-BankAppRealmDB.release.xcconfig"; sourceTree = "<group>"; };
/* End PBXFileReference section */

/* Begin PBXFrameworksBuildPhase section */
		B5169AB328DD859100820F85 /* Frameworks */ = {
			isa = PBXFrameworksBuildPhase;
			buildActionMask = 2147483647;
			files = (
				F81DD0804E07C65A7493AA76 /* Pods_BankAppRealmDB.framework in Frameworks */,
			);
			runOnlyForDeploymentPostprocessing = 0;
		};
/* End PBXFrameworksBuildPhase section */

/* Begin PBXGroup section */
		11752D7D22D993B04F0ED7EE /* Pods */ = {
			isa = PBXGroup;
			children = (
				A0AF2FC7050F90DB9B4A6FC6 /* Pods-BankAppRealmDB.debug.xcconfig */,
				C91C4CCEB771A64593BA863E /* Pods-BankAppRealmDB.release.xcconfig */,
			);
			path = Pods;
			sourceTree = "<group>";
		};
		B5169AAD28DD859100820F85 = {
			isa = PBXGroup;
			children = (
				B5169AB828DD859100820F85 /* BankAppRealmDB */,
				B5169AB728DD859100820F85 /* Products */,
				11752D7D22D993B04F0ED7EE /* Pods */,
				FE61CCD382BD3F961DBA9F93 /* Frameworks */,
			);
			sourceTree = "<group>";
		};
		B5169AB728DD859100820F85 /* Products */ = {
			isa = PBXGroup;
			children = (
				B5169AB628DD859100820F85 /* BankAppRealmDB.app */,
			);
			name = Products;
			sourceTree = "<group>";
		};
		B5169AB828DD859100820F85 /* BankAppRealmDB */ = {
			isa = PBXGroup;
			children = (
				B5169AB928DD859100820F85 /* AppDelegate.swift */,
				B5169ABB28DD859100820F85 /* SceneDelegate.swift */,
				B5169ABF28DD859100820F85 /* Main.storyboard */,
				B5169AC228DD859300820F85 /* Assets.xcassets */,
				B5169AC428DD859300820F85 /* LaunchScreen.storyboard */,
				B5169AC728DD859300820F85 /* Info.plist */,
				B5169AD328DD932400820F85 /* TestModel.swift */,
				B5169AD528DD933E00820F85 /* ModelRealm.swift */,
				B5169ABD28DD859100820F85 /* ViewController.swift */,
				B5169ACD28DD929E00820F85 /* CustomTVC.swift */,
				B5169ACF28DD92E400820F85 /* ActionButtonVC.swift */,
				B5169AD128DD930400820F85 /* TopUpVC.swift */,
				B5169AD728DD935E00820F85 /* TransactionsVC.swift */,
				B5169AD928DD938000820F85 /* TransactionTVC.swift */,
			);
			path = BankAppRealmDB;
			sourceTree = "<group>";
		};
		FE61CCD382BD3F961DBA9F93 /* Frameworks */ = {
			isa = PBXGroup;
			children = (
				1D4E613A9E8DC40470870A49 /* Pods_BankAppRealmDB.framework */,
			);
			name = Frameworks;
			sourceTree = "<group>";
		};
/* End PBXGroup section */

/* Begin PBXNativeTarget section */
		B5169AB528DD859100820F85 /* BankAppRealmDB */ = {
			isa = PBXNativeTarget;
			buildConfigurationList = B5169ACA28DD859300820F85 /* Build configuration list for PBXNativeTarget "BankAppRealmDB" */;
			buildPhases = (
				B49E34022A18A7EDC8EED146 /* [CP] Check Pods Manifest.lock */,
				B5169AB228DD859100820F85 /* Sources */,
				B5169AB328DD859100820F85 /* Frameworks */,
				B5169AB428DD859100820F85 /* Resources */,
				B8CFD656133C7CDC7BC2D0A5 /* [CP] Embed Pods Frameworks */,
			);
			buildRules = (
			);
			dependencies = (
			);
			name = BankAppRealmDB;
			productName = BankAppRealmDB;
			productReference = B5169AB628DD859100820F85 /* BankAppRealmDB.app */;
			productType = "com.apple.product-type.application";
		};
/* End PBXNativeTarget section */

/* Begin PBXProject section */
		B5169AAE28DD859100820F85 /* Project object */ = {
			isa = PBXProject;
			attributes = {
				BuildIndependentTargetsInParallel = 1;
				LastSwiftUpdateCheck = 1400;
				LastUpgradeCheck = 1400;
				TargetAttributes = {
					B5169AB528DD859100820F85 = {
						CreatedOnToolsVersion = 14.0;
					};
				};
			};
			buildConfigurationList = B5169AB128DD859100820F85 /* Build configuration list for PBXProject "BankAppRealmDB" */;
			compatibilityVersion = "Xcode 14.0";
			developmentRegion = en;
			hasScannedForEncodings = 0;
			knownRegions = (
				en,
				Base,
			);
			mainGroup = B5169AAD28DD859100820F85;
			productRefGroup = B5169AB728DD859100820F85 /* Products */;
			projectDirPath = "";
			projectRoot = "";
			targets = (
				B5169AB528DD859100820F85 /* BankAppRealmDB */,
			);
		};
/* End PBXProject section */

/* Begin PBXResourcesBuildPhase section */
		B5169AB428DD859100820F85 /* Resources */ = {
			isa = PBXResourcesBuildPhase;
			buildActionMask = 2147483647;
			files = (
				B5169AC628DD859300820F85 /* LaunchScreen.storyboard in Resources */,
				B5169AC328DD859300820F85 /* Assets.xcassets in Resources */,
				B5169AC128DD859100820F85 /* Main.storyboard in Resources */,
			);
			runOnlyForDeploymentPostprocessing = 0;
		};
/* End PBXResourcesBuildPhase section */

/* Begin PBXShellScriptBuildPhase section */
		B49E34022A18A7EDC8EED146 /* [CP] Check Pods Manifest.lock */ = {
			isa = PBXShellScriptBuildPhase;
			buildActionMask = 2147483647;
			files = (
			);
			inputFileListPaths = (
			);
			inputPaths = (
				"${PODS_PODFILE_DIR_PATH}/Podfile.lock",
				"${PODS_ROOT}/Manifest.lock",
			);
			name = "[CP] Check Pods Manifest.lock";
			outputFileListPaths = (
			);
			outputPaths = (
				"$(DERIVED_FILE_DIR)/Pods-BankAppRealmDB-checkManifestLockResult.txt",
			);
			runOnlyForDeploymentPostprocessing = 0;
			shellPath = /bin/sh;
			shellScript = "diff \"${PODS_PODFILE_DIR_PATH}/Podfile.lock\" \"${PODS_ROOT}/Manifest.lock\" > /dev/null\nif [ $? != 0 ] ; then\n    # print error to STDERR\n    echo \"error: The sandbox is not in sync with the Podfile.lock. Run 'pod install' or update your CocoaPods installation.\" >&2\n    exit 1\nfi\n# This output is used by Xcode 'outputs' to avoid re-running this script phase.\necho \"SUCCESS\" > \"${SCRIPT_OUTPUT_FILE_0}\"\n";
			showEnvVarsInLog = 0;
		};
		B8CFD656133C7CDC7BC2D0A5 /* [CP] Embed Pods Frameworks */ = {
			isa = PBXShellScriptBuildPhase;
			buildActionMask = 2147483647;
			files = (
			);
			inputFileListPaths = (
				"${PODS_ROOT}/Target Support Files/Pods-BankAppRealmDB/Pods-BankAppRealmDB-frameworks-${CONFIGURATION}-input-files.xcfilelist",
			);
			name = "[CP] Embed Pods Frameworks";
			outputFileListPaths = (
				"${PODS_ROOT}/Target Support Files/Pods-BankAppRealmDB/Pods-BankAppRealmDB-frameworks-${CONFIGURATION}-output-files.xcfilelist",
			);
			runOnlyForDeploymentPostprocessing = 0;
			shellPath = /bin/sh;
			shellScript = "\"${PODS_ROOT}/Target Support Files/Pods-BankAppRealmDB/Pods-BankAppRealmDB-frameworks.sh\"\n";
			showEnvVarsInLog = 0;
		};
/* End PBXShellScriptBuildPhase section */

/* Begin PBXSourcesBuildPhase section */
		B5169AB228DD859100820F85 /* Sources */ = {
			isa = PBXSourcesBuildPhase;
			buildActionMask = 2147483647;
			files = (
				B5169ABE28DD859100820F85 /* ViewController.swift in Sources */,
				B5169ABA28DD859100820F85 /* AppDelegate.swift in Sources */,
				B5169ACE28DD929E00820F85 /* CustomTVC.swift in Sources */,
				B5169AD428DD932400820F85 /* TestModel.swift in Sources */,
				B5169AD228DD930400820F85 /* TopUpVC.swift in Sources */,
				B5169AD628DD933E00820F85 /* ModelRealm.swift in Sources */,
				B5169AD828DD935E00820F85 /* TransactionsVC.swift in Sources */,
				B5169AD028DD92E400820F85 /* ActionButtonVC.swift in Sources */,
				B5169ADA28DD938000820F85 /* TransactionTVC.swift in Sources */,
				B5169ABC28DD859100820F85 /* SceneDelegate.swift in Sources */,
			);
			runOnlyForDeploymentPostprocessing = 0;
		};
/* End PBXSourcesBuildPhase section */

/* Begin PBXVariantGroup section */
		B5169ABF28DD859100820F85 /* Main.storyboard */ = {
			isa = PBXVariantGroup;
			children = (
				B5169AC028DD859100820F85 /* Base */,
			);
			name = Main.storyboard;
			sourceTree = "<group>";
		};
		B5169AC428DD859300820F85 /* LaunchScreen.storyboard */ = {
			isa = PBXVariantGroup;
			children = (
				B5169AC528DD859300820F85 /* Base */,
			);
			name = LaunchScreen.storyboard;
			sourceTree = "<group>";
		};
/* End PBXVariantGroup section */

/* Begin XCBuildConfiguration section */
		B5169AC828DD859300820F85 /* Debug */ = {
			isa = XCBuildConfiguration;
			buildSettings = {
				ALWAYS_SEARCH_USER_PATHS = NO;
				CLANG_ANALYZER_NONNULL = YES;
				CLANG_ANALYZER_NUMBER_OBJECT_CONVERSION = YES_AGGRESSIVE;
				CLANG_CXX_LANGUAGE_STANDARD = "gnu++20";
				CLANG_ENABLE_MODULES = YES;
				CLANG_ENABLE_OBJC_ARC = YES;
				CLANG_ENABLE_OBJC_WEAK = YES;
				CLANG_WARN_BLOCK_CAPTURE_AUTORELEASING = YES;
				CLANG_WARN_BOOL_CONVERSION = YES;
				CLANG_WARN_COMMA = YES;
				CLANG_WARN_CONSTANT_CONVERSION = YES;
				CLANG_WARN_DEPRECATED_OBJC_IMPLEMENTATIONS = YES;
				CLANG_WARN_DIRECT_OBJC_ISA_USAGE = YES_ERROR;
				CLANG_WARN_DOCUMENTATION_COMMENTS = YES;
				CLANG_WARN_EMPTY_BODY = YES;
				CLANG_WARN_ENUM_CONVERSION = YES;
				CLANG_WARN_INFINITE_RECURSION = YES;
				CLANG_WARN_INT_CONVERSION = YES;
				CLANG_WARN_NON_LITERAL_NULL_CONVERSION = YES;
				CLANG_WARN_OBJC_IMPLICIT_RETAIN_SELF = YES;
				CLANG_WARN_OBJC_LITERAL_CONVERSION = YES;
				CLANG_WARN_OBJC_ROOT_CLASS = YES_ERROR;
				CLANG_WARN_QUOTED_INCLUDE_IN_FRAMEWORK_HEADER = YES;
				CLANG_WARN_RANGE_LOOP_ANALYSIS = YES;
				CLANG_WARN_STRICT_PROTOTYPES = YES;
				CLANG_WARN_SUSPICIOUS_MOVE = YES;
				CLANG_WARN_UNGUARDED_AVAILABILITY = YES_AGGRESSIVE;
				CLANG_WARN_UNREACHABLE_CODE = YES;
				CLANG_WARN__DUPLICATE_METHOD_MATCH = YES;
				COPY_PHASE_STRIP = NO;
				DEBUG_INFORMATION_FORMAT = dwarf;
				ENABLE_STRICT_OBJC_MSGSEND = YES;
				ENABLE_TESTABILITY = YES;
				GCC_C_LANGUAGE_STANDARD = gnu11;
				GCC_DYNAMIC_NO_PIC = NO;
				GCC_NO_COMMON_BLOCKS = YES;
				GCC_OPTIMIZATION_LEVEL = 0;
				GCC_PREPROCESSOR_DEFINITIONS = (
					"DEBUG=1",
					"$(inherited)",
				);
				GCC_WARN_64_TO_32_BIT_CONVERSION = YES;
				GCC_WARN_ABOUT_RETURN_TYPE = YES_ERROR;
				GCC_WARN_UNDECLARED_SELECTOR = YES;
				GCC_WARN_UNINITIALIZED_AUTOS = YES_AGGRESSIVE;
				GCC_WARN_UNUSED_FUNCTION = YES;
				GCC_WARN_UNUSED_VARIABLE = YES;
				IPHONEOS_DEPLOYMENT_TARGET = 16.0;
				MTL_ENABLE_DEBUG_INFO = INCLUDE_SOURCE;
				MTL_FAST_MATH = YES;
				ONLY_ACTIVE_ARCH = YES;
				SDKROOT = iphoneos;
				SWIFT_ACTIVE_COMPILATION_CONDITIONS = DEBUG;
				SWIFT_OPTIMIZATION_LEVEL = "-Onone";
			};
			name = Debug;
		};
		B5169AC928DD859300820F85 /* Release */ = {
			isa = XCBuildConfiguration;
			buildSettings = {
				ALWAYS_SEARCH_USER_PATHS = NO;
				CLANG_ANALYZER_NONNULL = YES;
				CLANG_ANALYZER_NUMBER_OBJECT_CONVERSION = YES_AGGRESSIVE;
				CLANG_CXX_LANGUAGE_STANDARD = "gnu++20";
				CLANG_ENABLE_MODULES = YES;
				CLANG_ENABLE_OBJC_ARC = YES;
				CLANG_ENABLE_OBJC_WEAK = YES;
				CLANG_WARN_BLOCK_CAPTURE_AUTORELEASING = YES;
				CLANG_WARN_BOOL_CONVERSION = YES;
				CLANG_WARN_COMMA = YES;
				CLANG_WARN_CONSTANT_CONVERSION = YES;
				CLANG_WARN_DEPRECATED_OBJC_IMPLEMENTATIONS = YES;
				CLANG_WARN_DIRECT_OBJC_ISA_USAGE = YES_ERROR;
				CLANG_WARN_DOCUMENTATION_COMMENTS = YES;
				CLANG_WARN_EMPTY_BODY = YES;
				CLANG_WARN_ENUM_CONVERSION = YES;
				CLANG_WARN_INFINITE_RECURSION = YES;
				CLANG_WARN_INT_CONVERSION = YES;
				CLANG_WARN_NON_LITERAL_NULL_CONVERSION = YES;
				CLANG_WARN_OBJC_IMPLICIT_RETAIN_SELF = YES;
				CLANG_WARN_OBJC_LITERAL_CONVERSION = YES;
				CLANG_WARN_OBJC_ROOT_CLASS = YES_ERROR;
				CLANG_WARN_QUOTED_INCLUDE_IN_FRAMEWORK_HEADER = YES;
				CLANG_WARN_RANGE_LOOP_ANALYSIS = YES;
				CLANG_WARN_STRICT_PROTOTYPES = YES;
				CLANG_WARN_SUSPICIOUS_MOVE = YES;
				CLANG_WARN_UNGUARDED_AVAILABILITY = YES_AGGRESSIVE;
				CLANG_WARN_UNREACHABLE_CODE = YES;
				CLANG_WARN__DUPLICATE_METHOD_MATCH = YES;
				COPY_PHASE_STRIP = NO;
				DEBUG_INFORMATION_FORMAT = "dwarf-with-dsym";
				ENABLE_NS_ASSERTIONS = NO;
				ENABLE_STRICT_OBJC_MSGSEND = YES;
				GCC_C_LANGUAGE_STANDARD = gnu11;
				GCC_NO_COMMON_BLOCKS = YES;
				GCC_WARN_64_TO_32_BIT_CONVERSION = YES;
				GCC_WARN_ABOUT_RETURN_TYPE = YES_ERROR;
				GCC_WARN_UNDECLARED_SELECTOR = YES;
				GCC_WARN_UNINITIALIZED_AUTOS = YES_AGGRESSIVE;
				GCC_WARN_UNUSED_FUNCTION = YES;
				GCC_WARN_UNUSED_VARIABLE = YES;
				IPHONEOS_DEPLOYMENT_TARGET = 16.0;
				MTL_ENABLE_DEBUG_INFO = NO;
				MTL_FAST_MATH = YES;
				SDKROOT = iphoneos;
				SWIFT_COMPILATION_MODE = wholemodule;
				SWIFT_OPTIMIZATION_LEVEL = "-O";
				VALIDATE_PRODUCT = YES;
			};
			name = Release;
		};
		B5169ACB28DD859300820F85 /* Debug */ = {
			isa = XCBuildConfiguration;
			baseConfigurationReference = A0AF2FC7050F90DB9B4A6FC6 /* Pods-BankAppRealmDB.debug.xcconfig */;
			buildSettings = {
				ASSETCATALOG_COMPILER_APPICON_NAME = AppIcon;
				ASSETCATALOG_COMPILER_GLOBAL_ACCENT_COLOR_NAME = AccentColor;
				CODE_SIGN_STYLE = Automatic;
				CURRENT_PROJECT_VERSION = 1;
				DEVELOPMENT_TEAM = FN66JN9TVU;
				GENERATE_INFOPLIST_FILE = YES;
				INFOPLIST_FILE = BankAppRealmDB/Info.plist;
				INFOPLIST_KEY_UIApplicationSupportsIndirectInputEvents = YES;
				INFOPLIST_KEY_UILaunchStoryboardName = LaunchScreen;
				INFOPLIST_KEY_UIMainStoryboardFile = Main;
				INFOPLIST_KEY_UISupportedInterfaceOrientations = UIInterfaceOrientationPortrait;
				INFOPLIST_KEY_UISupportedInterfaceOrientations_iPad = "UIInterfaceOrientationLandscapeLeft UIInterfaceOrientationLandscapeRight UIInterfaceOrientationPortrait UIInterfaceOrientationPortraitUpsideDown";
				IPHONEOS_DEPLOYMENT_TARGET = 15.0;
				LD_RUNPATH_SEARCH_PATHS = (
					"$(inherited)",
					"@executable_path/Frameworks",
				);
				MARKETING_VERSION = 1.0;
				PRODUCT_BUNDLE_IDENTIFIER = uz.IsmailovRuslan.BankAppRealmDB;
				PRODUCT_NAME = "$(TARGET_NAME)";
				SUPPORTED_PLATFORMS = "iphoneos iphonesimulator";
				SUPPORTS_MACCATALYST = NO;
				SUPPORTS_MAC_DESIGNED_FOR_IPHONE_IPAD = NO;
				SWIFT_EMIT_LOC_STRINGS = YES;
				SWIFT_VERSION = 5.0;
				TARGETED_DEVICE_FAMILY = 1;
			};
			name = Debug;
		};
		B5169ACC28DD859300820F85 /* Release */ = {
			isa = XCBuildConfiguration;
			baseConfigurationReference = C91C4CCEB771A64593BA863E /* Pods-BankAppRealmDB.release.xcconfig */;
			buildSettings = {
				ASSETCATALOG_COMPILER_APPICON_NAME = AppIcon;
				ASSETCATALOG_COMPILER_GLOBAL_ACCENT_COLOR_NAME = AccentColor;
				CODE_SIGN_STYLE = Automatic;
				CURRENT_PROJECT_VERSION = 1;
				DEVELOPMENT_TEAM = FN66JN9TVU;
				GENERATE_INFOPLIST_FILE = YES;
				INFOPLIST_FILE = BankAppRealmDB/Info.plist;
				INFOPLIST_KEY_UIApplicationSupportsIndirectInputEvents = YES;
				INFOPLIST_KEY_UILaunchStoryboardName = LaunchScreen;
				INFOPLIST_KEY_UIMainStoryboardFile = Main;
				INFOPLIST_KEY_UISupportedInterfaceOrientations = UIInterfaceOrientationPortrait;
				INFOPLIST_KEY_UISupportedInterfaceOrientations_iPad = "UIInterfaceOrientationLandscapeLeft UIInterfaceOrientationLandscapeRight UIInterfaceOrientationPortrait UIInterfaceOrientationPortraitUpsideDown";
				IPHONEOS_DEPLOYMENT_TARGET = 15.0;
				LD_RUNPATH_SEARCH_PATHS = (
					"$(inherited)",
					"@executable_path/Frameworks",
				);
				MARKETING_VERSION = 1.0;
				PRODUCT_BUNDLE_IDENTIFIER = uz.IsmailovRuslan.BankAppRealmDB;
				PRODUCT_NAME = "$(TARGET_NAME)";
				SUPPORTED_PLATFORMS = "iphoneos iphonesimulator";
				SUPPORTS_MACCATALYST = NO;
				SUPPORTS_MAC_DESIGNED_FOR_IPHONE_IPAD = NO;
				SWIFT_EMIT_LOC_STRINGS = YES;
				SWIFT_VERSION = 5.0;
				TARGETED_DEVICE_FAMILY = 1;
			};
			name = Release;
		};
/* End XCBuildConfiguration section */

/* Begin XCConfigurationList section */
		B5169AB128DD859100820F85 /* Build configuration list for PBXProject "BankAppRealmDB" */ = {
			isa = XCConfigurationList;
			buildConfigurations = (
				B5169AC828DD859300820F85 /* Debug */,
				B5169AC928DD859300820F85 /* Release */,
			);
			defaultConfigurationIsVisible = 0;
			defaultConfigurationName = Release;
		};
		B5169ACA28DD859300820F85 /* Build configuration list for PBXNativeTarget "BankAppRealmDB" */ = {
			isa = XCConfigurationList;
			buildConfigurations = (
				B5169ACB28DD859300820F85 /* Debug */,
				B5169ACC28DD859300820F85 /* Release */,
			);
			defaultConfigurationIsVisible = 0;
			defaultConfigurationName = Release;
		};
/* End XCConfigurationList section */
	};
	rootObject = B5169AAE28DD859100820F85 /* Project object */;
}
